# This file was autogenerated by Stack.
# You should not edit this file by hand.
# For more information, please see the documentation at:
#   https://docs.haskellstack.org/en/stable/lock_files

packages:
- completed:
    hackage: patience-0.3@sha256:fe3a2c5b1ac4d3425bad3d1ee0b6bb529b6e74ab41151f8526f26fc8dfa1206b,1252
    pantry-tree:
      size: 368
      sha256: d2ca47451a599605c641b7c353588d7e1ba3d6036c8a52040b7d1b5b1af8959b
  original:
    hackage: patience-0.3
- completed:
    size: 4351
    url: https://github.com/malob/plist/archive/5e22be0933bf9a100868b944fa7a8b1236b99255.tar.gz
    name: plist
    version: 0.0.6
    sha256: 7943778b77d008b8e529035d8a4d42c537ede9efe3d24900eb0d855b4567a892
    pantry-tree:
      size: 512
      sha256: 4872e51ef6ab654c99e06f286635fe1c977e165bc38f77c6bfb402e9fbff0559
  original:
    url: https://github.com/malob/plist/archive/5e22be0933bf9a100868b944fa7a8b1236b99255.tar.gz
snapshots:
- completed:
    size: 563098
    url: https://raw.githubusercontent.com/commercialhaskell/stackage-snapshots/master/nightly/2021/1/20.yaml
    sha256: 97841a28b47a29e798aefda350785c31823f64f31c43ba057fc6c707dfb7ead3
  original: nightly-2021-01-20
